
Microsoft Visual Studio Solution File, Format Version 12.00
# Visual Studio Version 17
VisualStudioVersion = 17.13.35828.75 d17.13
MinimumVisualStudioVersion = 10.0.40219.1
Project("{FAE04EC0-301F-11D3-BF4B-00C04F79EFBC}") = "Skodovky", "Skodovky\Skodovky.csproj", "{AFBF4D96-CEA0-42BB-93FB-028268BC4FB6}"
EndProject
Project("{2150E333-8FDC-42A3-9474-1A3956D46DE8}") = "Solution Items", "Solution Items", "{8EC462FD-D22E-90A8-E5CE-7E832BA40C5D}"
EndProject
Global
	GlobalSection(SolutionConfigurationPlatforms) = preSolution
		Debug|Any CPU = Debug|Any CPU
		Release|Any CPU = Release|Any CPU
	EndGlobalSection
	GlobalSection(ProjectConfigurationPlatforms) = postSolution
		{AFBF4D96-CEA0-42BB-93FB-028268BC4FB6}.Debug|Any CPU.ActiveCfg = Debug|Any CPU
		{AFBF4D96-CEA0-42BB-93FB-028268BC4FB6}.Debug|Any CPU.Build.0 = Debug|Any CPU
		{AFBF4D96-CEA0-42BB-93FB-028268BC4FB6}.Release|Any CPU.ActiveCfg = Release|Any CPU
		{AFBF4D96-CEA0-42BB-93FB-028268BC4FB6}.Release|Any CPU.Build.0 = Release|Any CPU
	EndGlobalSection
	GlobalSection(SolutionProperties) = preSolution
		HideSolutionNode = FALSE
	EndGlobalSection
	GlobalSection(ExtensibilityGlobals) = postSolution
		SolutionGuid = {1726CFE6-5E72-4B45-AA9A-336EE39FFACC}
	EndGlobalSection
EndGlobal
